{
  "name": "angularPractice",
  "lockfileVersion": 3,
  "requires": true,
  "packages": {
    "": {
      "dependencies": {
        "@types/underscore": "^1.11.15"
      }
    },
    "node_modules/@types/underscore": {
      "version": "1.11.15",
      "resolved": "https://registry.npmjs.org/@types/underscore/-/underscore-1.11.15.tgz",
      "integrity": "sha512-HP38xE+GuWGlbSRq9WrZkousaQ7dragtZCruBVMi0oX1migFZavZ3OROKHSkNp/9ouq82zrWtZpg18jFnVN96g=="
    }
  }
}
